// !$*UTF8*$!
{
	archiveVersion = 1;
	classes = {
	};
	objectVersion = 46;
	objects = {

/* Begin PBXBuildFile section */
		67EDA3A2F2053C569EE91B79 /* libPods-LBAudioPlayer.a in Frameworks */ = {isa = PBXBuildFile; fileRef = F16FC2153F9F4CA2AA13D9ED /* libPods-LBAudioPlayer.a */; };
		901086901A41624E00FC76A2 /* yuansheng.caf in Resources */ = {isa = PBXBuildFile; fileRef = 9010868F1A41624E00FC76A2 /* yuansheng.caf */; };
		901086931A416A3200FC76A2 /* LBCatAudioFilter.m in Sources */ = {isa = PBXBuildFile; fileRef = 901086921A416A3200FC76A2 /* LBCatAudioFilter.m */; };
		901086961A416A4700FC76A2 /* LBCowAudioFilter.m in Sources */ = {isa = PBXBuildFile; fileRef = 901086951A416A4700FC76A2 /* LBCowAudioFilter.m */; };
		901086991A416A9500FC76A2 /* LBAccelerateAudioFilter.m in Sources */ = {isa = PBXBuildFile; fileRef = 901086981A416A9500FC76A2 /* LBAccelerateAudioFilter.m */; };
		9010869F1A416AC100FC76A2 /* LBBaseAudioFilter.m in Sources */ = {isa = PBXBuildFile; fileRef = 9010869C1A416AC100FC76A2 /* LBBaseAudioFilter.m */; };
		901086A01A416AC100FC76A2 /* LBSoundTouchFilter.mm in Sources */ = {isa = PBXBuildFile; fileRef = 9010869E1A416AC100FC76A2 /* LBSoundTouchFilter.mm */; };
		902FD26A1A1A07420081E5D8 /* LBAudioSoundTouchFile.m in Sources */ = {isa = PBXBuildFile; fileRef = 902FD2691A1A07420081E5D8 /* LBAudioSoundTouchFile.m */; };
		903978751A40053B00B669D2 /* LBMixAudioFilter.m in Sources */ = {isa = PBXBuildFile; fileRef = 903978741A40053B00B669D2 /* LBMixAudioFilter.m */; };
		903978781A40055B00B669D2 /* LBJointAudioFilter.m in Sources */ = {isa = PBXBuildFile; fileRef = 903978771A40055B00B669D2 /* LBJointAudioFilter.m */; };
		9057E72C1A3AE16B00C35ED9 /* LBRecoderViewController.m in Sources */ = {isa = PBXBuildFile; fileRef = 9057E72B1A3AE16B00C35ED9 /* LBRecoderViewController.m */; };
		906C47711A10A95D00C07050 /* LBAudioFile.m in Sources */ = {isa = PBXBuildFile; fileRef = 906C475B1A10A95D00C07050 /* LBAudioFile.m */; };
		906C47721A10A95D00C07050 /* LBAudioFileStream.m in Sources */ = {isa = PBXBuildFile; fileRef = 906C475D1A10A95D00C07050 /* LBAudioFileStream.m */; };
		906C47731A10A95D00C07050 /* LBAudioStreamCache.m in Sources */ = {isa = PBXBuildFile; fileRef = 906C47601A10A95D00C07050 /* LBAudioStreamCache.m */; };
		906C47741A10A95D00C07050 /* LBAudioStreamMetaCache.m in Sources */ = {isa = PBXBuildFile; fileRef = 906C47621A10A95D00C07050 /* LBAudioStreamMetaCache.m */; };
		906C47751A10A95D00C07050 /* LBAudioStreamNetRequest.m in Sources */ = {isa = PBXBuildFile; fileRef = 906C47641A10A95D00C07050 /* LBAudioStreamNetRequest.m */; };
		906C47761A10A95D00C07050 /* LBAudioBufferPool.m in Sources */ = {isa = PBXBuildFile; fileRef = 906C47671A10A95D00C07050 /* LBAudioBufferPool.m */; };
		906C47771A10A95D00C07050 /* LBAudioOutputQueue.m in Sources */ = {isa = PBXBuildFile; fileRef = 906C47691A10A95D00C07050 /* LBAudioOutputQueue.m */; };
		906C47781A10A95D00C07050 /* LBParsedAudioData.m in Sources */ = {isa = PBXBuildFile; fileRef = 906C476B1A10A95D00C07050 /* LBParsedAudioData.m */; };
		906C47791A10A95D00C07050 /* LBAudioPlayer.m in Sources */ = {isa = PBXBuildFile; fileRef = 906C476E1A10A95D00C07050 /* LBAudioPlayer.m */; };
		906C477A1A10A95D00C07050 /* LBAudioSession.m in Sources */ = {isa = PBXBuildFile; fileRef = 906C47701A10A95D00C07050 /* LBAudioSession.m */; };
		906C477E1A10E80400C07050 /* NSString+AudioPlayer.m in Sources */ = {isa = PBXBuildFile; fileRef = 906C477D1A10E80400C07050 /* NSString+AudioPlayer.m */; };
		908A8BEC1A14B54000A711E7 /* LBAudioRecoder.m in Sources */ = {isa = PBXBuildFile; fileRef = 908A8BEB1A14B54000A711E7 /* LBAudioRecoder.m */; };
		908A8BF01A14B67E00A711E7 /* LBAudioInputQueue.m in Sources */ = {isa = PBXBuildFile; fileRef = 908A8BEF1A14B67E00A711E7 /* LBAudioInputQueue.m */; };
		908A8BF41A15A50B00A711E7 /* LBRecoderFile.m in Sources */ = {isa = PBXBuildFile; fileRef = 908A8BF31A15A50B00A711E7 /* LBRecoderFile.m */; };
		908E39A51A4134EF006A631F /* houzhi.caf in Resources */ = {isa = PBXBuildFile; fileRef = 908E39A41A4134EF006A631F /* houzhi.caf */; };
		908E39F41A415AFA006A631F /* AAFilter.cpp in Sources */ = {isa = PBXBuildFile; fileRef = 908E39D81A415AFA006A631F /* AAFilter.cpp */; };
		908E39F51A415AFA006A631F /* BPMDetect.cpp in Sources */ = {isa = PBXBuildFile; fileRef = 908E39DA1A415AFA006A631F /* BPMDetect.cpp */; };
		908E39F61A415AFA006A631F /* cpu_detect_x86.cpp in Sources */ = {isa = PBXBuildFile; fileRef = 908E39DD1A415AFA006A631F /* cpu_detect_x86.cpp */; };
		908E39F71A415AFA006A631F /* FIFOSampleBuffer.cpp in Sources */ = {isa = PBXBuildFile; fileRef = 908E39DE1A415AFA006A631F /* FIFOSampleBuffer.cpp */; };
		908E39F81A415AFA006A631F /* FIRFilter.cpp in Sources */ = {isa = PBXBuildFile; fileRef = 908E39E11A415AFA006A631F /* FIRFilter.cpp */; };
		908E39F91A415AFA006A631F /* InterpolateCubic.cpp in Sources */ = {isa = PBXBuildFile; fileRef = 908E39E31A415AFA006A631F /* InterpolateCubic.cpp */; };
		908E39FA1A415AFA006A631F /* InterpolateLinear.cpp in Sources */ = {isa = PBXBuildFile; fileRef = 908E39E51A415AFA006A631F /* InterpolateLinear.cpp */; };
		908E39FB1A415AFA006A631F /* InterpolateShannon.cpp in Sources */ = {isa = PBXBuildFile; fileRef = 908E39E71A415AFA006A631F /* InterpolateShannon.cpp */; };
		908E39FC1A415AFA006A631F /* mmx_optimized.cpp in Sources */ = {isa = PBXBuildFile; fileRef = 908E39E91A415AFA006A631F /* mmx_optimized.cpp */; };
		908E39FD1A415AFA006A631F /* PeakFinder.cpp in Sources */ = {isa = PBXBuildFile; fileRef = 908E39EA1A415AFA006A631F /* PeakFinder.cpp */; };
		908E39FE1A415AFA006A631F /* RateTransposer.cpp in Sources */ = {isa = PBXBuildFile; fileRef = 908E39EC1A415AFA006A631F /* RateTransposer.cpp */; };
		908E39FF1A415AFA006A631F /* SoundTouch.cpp in Sources */ = {isa = PBXBuildFile; fileRef = 908E39EE1A415AFA006A631F /* SoundTouch.cpp */; };
		908E3A001A415AFA006A631F /* sse_optimized.cpp in Sources */ = {isa = PBXBuildFile; fileRef = 908E39F01A415AFA006A631F /* sse_optimized.cpp */; };
		908E3A011A415AFA006A631F /* TDStretch.cpp in Sources */ = {isa = PBXBuildFile; fileRef = 908E39F21A415AFA006A631F /* TDStretch.cpp */; };
		908F69291A09FB1E008EFC1D /* main.m in Sources */ = {isa = PBXBuildFile; fileRef = 908F69281A09FB1E008EFC1D /* main.m */; };
		908F692C1A09FB1E008EFC1D /* AppDelegate.m in Sources */ = {isa = PBXBuildFile; fileRef = 908F692B1A09FB1E008EFC1D /* AppDelegate.m */; };
		908F69321A09FB1E008EFC1D /* Main.storyboard in Resources */ = {isa = PBXBuildFile; fileRef = 908F69301A09FB1E008EFC1D /* Main.storyboard */; };
		908F69341A09FB1E008EFC1D /* Images.xcassets in Resources */ = {isa = PBXBuildFile; fileRef = 908F69331A09FB1E008EFC1D /* Images.xcassets */; };
		908F69371A09FB1E008EFC1D /* LaunchScreen.xib in Resources */ = {isa = PBXBuildFile; fileRef = 908F69351A09FB1E008EFC1D /* LaunchScreen.xib */; };
		908F69431A09FB1E008EFC1D /* LBAudioPlayerTests.m in Sources */ = {isa = PBXBuildFile; fileRef = 908F69421A09FB1E008EFC1D /* LBAudioPlayerTests.m */; };
		908F69701A0A45A1008EFC1D /* LBBaseViewController.m in Sources */ = {isa = PBXBuildFile; fileRef = 908F69671A0A45A1008EFC1D /* LBBaseViewController.m */; };
		908F69711A0A45A1008EFC1D /* LBiPodMusicViewController.m in Sources */ = {isa = PBXBuildFile; fileRef = 908F69691A0A45A1008EFC1D /* LBiPodMusicViewController.m */; };
		908F69721A0A45A1008EFC1D /* LBRemoteMusicViewController.m in Sources */ = {isa = PBXBuildFile; fileRef = 908F696B1A0A45A1008EFC1D /* LBRemoteMusicViewController.m */; };
		908F69731A0A45A1008EFC1D /* LBRootViewController.m in Sources */ = {isa = PBXBuildFile; fileRef = 908F696D1A0A45A1008EFC1D /* LBRootViewController.m */; };
		908F69741A0A45A1008EFC1D /* LBViewController.m in Sources */ = {isa = PBXBuildFile; fileRef = 908F696F1A0A45A1008EFC1D /* LBViewController.m */; };
		90CAFC551A4170E00019C8A7 /* LBEchoFilter.m in Sources */ = {isa = PBXBuildFile; fileRef = 90CAFC541A4170E00019C8A7 /* LBEchoFilter.m */; };
		90CAFC581A4177140019C8A7 /* LBStageAudioFilter.m in Sources */ = {isa = PBXBuildFile; fileRef = 90CAFC571A4177140019C8A7 /* LBStageAudioFilter.m */; };
/* End PBXBuildFile section */

/* Begin PBXContainerItemProxy section */
		908F693D1A09FB1E008EFC1D /* PBXContainerItemProxy */ = {
			isa = PBXContainerItemProxy;
			containerPortal = 908F691B1A09FB1E008EFC1D /* Project object */;
			proxyType = 1;
			remoteGlobalIDString = 908F69221A09FB1E008EFC1D;
			remoteInfo = LBAudioPlayer;
		};
/* End PBXContainerItemProxy section */

/* Begin PBXFileReference section */
		5C78DF38BC9299F97E13E247 /* Pods-LBAudioPlayer.release.xcconfig */ = {isa = PBXFileReference; includeInIndex = 1; lastKnownFileType = text.xcconfig; name = "Pods-LBAudioPlayer.release.xcconfig"; path = "Pods/Target Support Files/Pods-LBAudioPlayer/Pods-LBAudioPlayer.release.xcconfig"; sourceTree = "<group>"; };
		9010868F1A41624E00FC76A2 /* yuansheng.caf */ = {isa = PBXFileReference; lastKnownFileType = file; path = yuansheng.caf; sourceTree = "<group>"; };
		901086911A416A3200FC76A2 /* LBCatAudioFilter.h */ = {isa = PBXFileReference; fileEncoding = 4; lastKnownFileType = sourcecode.c.h; path = LBCatAudioFilter.h; sourceTree = "<group>"; };
		901086921A416A3200FC76A2 /* LBCatAudioFilter.m */ = {isa = PBXFileReference; fileEncoding = 4; lastKnownFileType = sourcecode.c.objc; path = LBCatAudioFilter.m; sourceTree = "<group>"; };
		901086941A416A4700FC76A2 /* LBCowAudioFilter.h */ = {isa = PBXFileReference; fileEncoding = 4; lastKnownFileType = sourcecode.c.h; path = LBCowAudioFilter.h; sourceTree = "<group>"; };
		901086951A416A4700FC76A2 /* LBCowAudioFilter.m */ = {isa = PBXFileReference; fileEncoding = 4; lastKnownFileType = sourcecode.c.objc; path = LBCowAudioFilter.m; sourceTree = "<group>"; };
		901086971A416A9500FC76A2 /* LBAccelerateAudioFilter.h */ = {isa = PBXFileReference; fileEncoding = 4; lastKnownFileType = sourcecode.c.h; path = LBAccelerateAudioFilter.h; sourceTree = "<group>"; };
		901086981A416A9500FC76A2 /* LBAccelerateAudioFilter.m */ = {isa = PBXFileReference; fileEncoding = 4; lastKnownFileType = sourcecode.c.objc; path = LBAccelerateAudioFilter.m; sourceTree = "<group>"; };
		9010869B1A416AC100FC76A2 /* LBBaseAudioFilter.h */ = {isa = PBXFileReference; fileEncoding = 4; lastKnownFileType = sourcecode.c.h; path = LBBaseAudioFilter.h; sourceTree = "<group>"; };
		9010869C1A416AC100FC76A2 /* LBBaseAudioFilter.m */ = {isa = PBXFileReference; fileEncoding = 4; lastKnownFileType = sourcecode.c.objc; path = LBBaseAudioFilter.m; sourceTree = "<group>"; };
		9010869D1A416AC100FC76A2 /* LBSoundTouchFilter.h */ = {isa = PBXFileReference; fileEncoding = 4; lastKnownFileType = sourcecode.c.h; path = LBSoundTouchFilter.h; sourceTree = "<group>"; };
		9010869E1A416AC100FC76A2 /* LBSoundTouchFilter.mm */ = {isa = PBXFileReference; fileEncoding = 4; lastKnownFileType = sourcecode.cpp.objcpp; path = LBSoundTouchFilter.mm; sourceTree = "<group>"; };
		902FD2681A1A07420081E5D8 /* LBAudioSoundTouchFile.h */ = {isa = PBXFileReference; fileEncoding = 4; lastKnownFileType = sourcecode.c.h; path = LBAudioSoundTouchFile.h; sourceTree = "<group>"; };
		902FD2691A1A07420081E5D8 /* LBAudioSoundTouchFile.m */ = {isa = PBXFileReference; fileEncoding = 4; lastKnownFileType = sourcecode.c.objc; path = LBAudioSoundTouchFile.m; sourceTree = "<group>"; };
		903978731A40053B00B669D2 /* LBMixAudioFilter.h */ = {isa = PBXFileReference; fileEncoding = 4; lastKnownFileType = sourcecode.c.h; path = LBMixAudioFilter.h; sourceTree = "<group>"; };
		903978741A40053B00B669D2 /* LBMixAudioFilter.m */ = {isa = PBXFileReference; fileEncoding = 4; lastKnownFileType = sourcecode.c.objc; path = LBMixAudioFilter.m; sourceTree = "<group>"; };
		903978761A40055B00B669D2 /* LBJointAudioFilter.h */ = {isa = PBXFileReference; fileEncoding = 4; lastKnownFileType = sourcecode.c.h; path = LBJointAudioFilter.h; sourceTree = "<group>"; };
		903978771A40055B00B669D2 /* LBJointAudioFilter.m */ = {isa = PBXFileReference; fileEncoding = 4; lastKnownFileType = sourcecode.c.objc; path = LBJointAudioFilter.m; sourceTree = "<group>"; };
		9057E72A1A3AE16B00C35ED9 /* LBRecoderViewController.h */ = {isa = PBXFileReference; fileEncoding = 4; lastKnownFileType = sourcecode.c.h; path = LBRecoderViewController.h; sourceTree = "<group>"; };
		9057E72B1A3AE16B00C35ED9 /* LBRecoderViewController.m */ = {isa = PBXFileReference; fileEncoding = 4; lastKnownFileType = sourcecode.c.objc; path = LBRecoderViewController.m; sourceTree = "<group>"; };
		906C475A1A10A95D00C07050 /* LBAudioFile.h */ = {isa = PBXFileReference; fileEncoding = 4; lastKnownFileType = sourcecode.c.h; path = LBAudioFile.h; sourceTree = "<group>"; };
		906C475B1A10A95D00C07050 /* LBAudioFile.m */ = {isa = PBXFileReference; fileEncoding = 4; lastKnownFileType = sourcecode.c.objc; path = LBAudioFile.m; sourceTree = "<group>"; };
		906C475C1A10A95D00C07050 /* LBAudioFileStream.h */ = {isa = PBXFileReference; fileEncoding = 4; lastKnownFileType = sourcecode.c.h; path = LBAudioFileStream.h; sourceTree = "<group>"; };
		906C475D1A10A95D00C07050 /* LBAudioFileStream.m */ = {isa = PBXFileReference; fileEncoding = 4; lastKnownFileType = sourcecode.c.objc; path = LBAudioFileStream.m; sourceTree = "<group>"; };
		906C475F1A10A95D00C07050 /* LBAudioStreamCache.h */ = {isa = PBXFileReference; fileEncoding = 4; lastKnownFileType = sourcecode.c.h; path = LBAudioStreamCache.h; sourceTree = "<group>"; };
		906C47601A10A95D00C07050 /* LBAudioStreamCache.m */ = {isa = PBXFileReference; fileEncoding = 4; lastKnownFileType = sourcecode.c.objc; path = LBAudioStreamCache.m; sourceTree = "<group>"; };
		906C47611A10A95D00C07050 /* LBAudioStreamMetaCache.h */ = {isa = PBXFileReference; fileEncoding = 4; lastKnownFileType = sourcecode.c.h; path = LBAudioStreamMetaCache.h; sourceTree = "<group>"; };
		906C47621A10A95D00C07050 /* LBAudioStreamMetaCache.m */ = {isa = PBXFileReference; fileEncoding = 4; lastKnownFileType = sourcecode.c.objc; path = LBAudioStreamMetaCache.m; sourceTree = "<group>"; };
		906C47631A10A95D00C07050 /* LBAudioStreamNetRequest.h */ = {isa = PBXFileReference; fileEncoding = 4; lastKnownFileType = sourcecode.c.h; path = LBAudioStreamNetRequest.h; sourceTree = "<group>"; };
		906C47641A10A95D00C07050 /* LBAudioStreamNetRequest.m */ = {isa = PBXFileReference; fileEncoding = 4; lastKnownFileType = sourcecode.c.objc; path = LBAudioStreamNetRequest.m; sourceTree = "<group>"; };
		906C47661A10A95D00C07050 /* LBAudioBufferPool.h */ = {isa = PBXFileReference; fileEncoding = 4; lastKnownFileType = sourcecode.c.h; path = LBAudioBufferPool.h; sourceTree = "<group>"; };
		906C47671A10A95D00C07050 /* LBAudioBufferPool.m */ = {isa = PBXFileReference; fileEncoding = 4; lastKnownFileType = sourcecode.c.objc; path = LBAudioBufferPool.m; sourceTree = "<group>"; };
		906C47681A10A95D00C07050 /* LBAudioOutputQueue.h */ = {isa = PBXFileReference; fileEncoding = 4; lastKnownFileType = sourcecode.c.h; path = LBAudioOutputQueue.h; sourceTree = "<group>"; };
		906C47691A10A95D00C07050 /* LBAudioOutputQueue.m */ = {isa = PBXFileReference; fileEncoding = 4; lastKnownFileType = sourcecode.c.objc; path = LBAudioOutputQueue.m; sourceTree = "<group>"; };
		906C476A1A10A95D00C07050 /* LBParsedAudioData.h */ = {isa = PBXFileReference; fileEncoding = 4; lastKnownFileType = sourcecode.c.h; path = LBParsedAudioData.h; sourceTree = "<group>"; };
		906C476B1A10A95D00C07050 /* LBParsedAudioData.m */ = {isa = PBXFileReference; fileEncoding = 4; lastKnownFileType = sourcecode.c.objc; path = LBParsedAudioData.m; sourceTree = "<group>"; };
		906C476D1A10A95D00C07050 /* LBAudioPlayer.h */ = {isa = PBXFileReference; fileEncoding = 4; lastKnownFileType = sourcecode.c.h; path = LBAudioPlayer.h; sourceTree = "<group>"; };
		906C476E1A10A95D00C07050 /* LBAudioPlayer.m */ = {isa = PBXFileReference; fileEncoding = 4; lastKnownFileType = sourcecode.c.objc; path = LBAudioPlayer.m; sourceTree = "<group>"; };
		906C476F1A10A95D00C07050 /* LBAudioSession.h */ = {isa = PBXFileReference; fileEncoding = 4; lastKnownFileType = sourcecode.c.h; path = LBAudioSession.h; sourceTree = "<group>"; };
		906C47701A10A95D00C07050 /* LBAudioSession.m */ = {isa = PBXFileReference; fileEncoding = 4; lastKnownFileType = sourcecode.c.objc; path = LBAudioSession.m; sourceTree = "<group>"; };
		906C477C1A10E80400C07050 /* NSString+AudioPlayer.h */ = {isa = PBXFileReference; fileEncoding = 4; lastKnownFileType = sourcecode.c.h; path = "NSString+AudioPlayer.h"; sourceTree = "<group>"; };
		906C477D1A10E80400C07050 /* NSString+AudioPlayer.m */ = {isa = PBXFileReference; fileEncoding = 4; lastKnownFileType = sourcecode.c.objc; path = "NSString+AudioPlayer.m"; sourceTree = "<group>"; };
		9071C6091A1231BB00DDF95E /* LBAudioDefine.h */ = {isa = PBXFileReference; fileEncoding = 4; lastKnownFileType = sourcecode.c.h; path = LBAudioDefine.h; sourceTree = "<group>"; };
		908A8BEA1A14B54000A711E7 /* LBAudioRecoder.h */ = {isa = PBXFileReference; fileEncoding = 4; lastKnownFileType = sourcecode.c.h; path = LBAudioRecoder.h; sourceTree = "<group>"; };
		908A8BEB1A14B54000A711E7 /* LBAudioRecoder.m */ = {isa = PBXFileReference; fileEncoding = 4; lastKnownFileType = sourcecode.c.objc; path = LBAudioRecoder.m; sourceTree = "<group>"; };
		908A8BEE1A14B67E00A711E7 /* LBAudioInputQueue.h */ = {isa = PBXFileReference; fileEncoding = 4; lastKnownFileType = sourcecode.c.h; path = LBAudioInputQueue.h; sourceTree = "<group>"; };
		908A8BEF1A14B67E00A711E7 /* LBAudioInputQueue.m */ = {isa = PBXFileReference; fileEncoding = 4; lastKnownFileType = sourcecode.c.objc; path = LBAudioInputQueue.m; sourceTree = "<group>"; };
		908A8BF21A15A50B00A711E7 /* LBRecoderFile.h */ = {isa = PBXFileReference; fileEncoding = 4; lastKnownFileType = sourcecode.c.h; path = LBRecoderFile.h; sourceTree = "<group>"; };
		908A8BF31A15A50B00A711E7 /* LBRecoderFile.m */ = {isa = PBXFileReference; fileEncoding = 4; lastKnownFileType = sourcecode.c.objc; path = LBRecoderFile.m; sourceTree = "<group>"; };
		908E39A41A4134EF006A631F /* houzhi.caf */ = {isa = PBXFileReference; lastKnownFileType = file; path = houzhi.caf; sourceTree = "<group>"; };
		908E39D81A415AFA006A631F /* AAFilter.cpp */ = {isa = PBXFileReference; fileEncoding = 4; lastKnownFileType = sourcecode.cpp.cpp; path = AAFilter.cpp; sourceTree = "<group>"; };
		908E39D91A415AFA006A631F /* AAFilter.h */ = {isa = PBXFileReference; fileEncoding = 4; lastKnownFileType = sourcecode.c.h; path = AAFilter.h; sourceTree = "<group>"; };
		908E39DA1A415AFA006A631F /* BPMDetect.cpp */ = {isa = PBXFileReference; fileEncoding = 4; lastKnownFileType = sourcecode.cpp.cpp; path = BPMDetect.cpp; sourceTree = "<group>"; };
		908E39DB1A415AFA006A631F /* BPMDetect.h */ = {isa = PBXFileReference; fileEncoding = 4; lastKnownFileType = sourcecode.c.h; path = BPMDetect.h; sourceTree = "<group>"; };
		908E39DC1A415AFA006A631F /* cpu_detect.h */ = {isa = PBXFileReference; fileEncoding = 4; lastKnownFileType = sourcecode.c.h; path = cpu_detect.h; sourceTree = "<group>"; };
		908E39DD1A415AFA006A631F /* cpu_detect_x86.cpp */ = {isa = PBXFileReference; fileEncoding = 4; lastKnownFileType = sourcecode.cpp.cpp; path = cpu_detect_x86.cpp; sourceTree = "<group>"; };
		908E39DE1A415AFA006A631F /* FIFOSampleBuffer.cpp */ = {isa = PBXFileReference; fileEncoding = 4; lastKnownFileType = sourcecode.cpp.cpp; path = FIFOSampleBuffer.cpp; sourceTree = "<group>"; };
		908E39DF1A415AFA006A631F /* FIFOSampleBuffer.h */ = {isa = PBXFileReference; fileEncoding = 4; lastKnownFileType = sourcecode.c.h; path = FIFOSampleBuffer.h; sourceTree = "<group>"; };
		908E39E01A415AFA006A631F /* FIFOSamplePipe.h */ = {isa = PBXFileReference; fileEncoding = 4; lastKnownFileType = sourcecode.c.h; path = FIFOSamplePipe.h; sourceTree = "<group>"; };
		908E39E11A415AFA006A631F /* FIRFilter.cpp */ = {isa = PBXFileReference; fileEncoding = 4; lastKnownFileType = sourcecode.cpp.cpp; path = FIRFilter.cpp; sourceTree = "<group>"; };
		908E39E21A415AFA006A631F /* FIRFilter.h */ = {isa = PBXFileReference; fileEncoding = 4; lastKnownFileType = sourcecode.c.h; path = FIRFilter.h; sourceTree = "<group>"; };
		908E39E31A415AFA006A631F /* InterpolateCubic.cpp */ = {isa = PBXFileReference; fileEncoding = 4; lastKnownFileType = sourcecode.cpp.cpp; path = InterpolateCubic.cpp; sourceTree = "<group>"; };
		908E39E41A415AFA006A631F /* InterpolateCubic.h */ = {isa = PBXFileReference; fileEncoding = 4; lastKnownFileType = sourcecode.c.h; path = InterpolateCubic.h; sourceTree = "<group>"; };
		908E39E51A415AFA006A631F /* InterpolateLinear.cpp */ = {isa = PBXFileReference; fileEncoding = 4; lastKnownFileType = sourcecode.cpp.cpp; path = InterpolateLinear.cpp; sourceTree = "<group>"; };
		908E39E61A415AFA006A631F /* InterpolateLinear.h */ = {isa = PBXFileReference; fileEncoding = 4; lastKnownFileType = sourcecode.c.h; path = InterpolateLinear.h; sourceTree = "<group>"; };
		908E39E71A415AFA006A631F /* InterpolateShannon.cpp */ = {isa = PBXFileReference; fileEncoding = 4; lastKnownFileType = sourcecode.cpp.cpp; path = InterpolateShannon.cpp; sourceTree = "<group>"; };
		908E39E81A415AFA006A631F /* InterpolateShannon.h */ = {isa = PBXFileReference; fileEncoding = 4; lastKnownFileType = sourcecode.c.h; path = InterpolateShannon.h; sourceTree = "<group>"; };
		908E39E91A415AFA006A631F /* mmx_optimized.cpp */ = {isa = PBXFileReference; fileEncoding = 4; lastKnownFileType = sourcecode.cpp.cpp; path = mmx_optimized.cpp; sourceTree = "<group>"; };
		908E39EA1A415AFA006A631F /* PeakFinder.cpp */ = {isa = PBXFileReference; fileEncoding = 4; lastKnownFileType = sourcecode.cpp.cpp; path = PeakFinder.cpp; sourceTree = "<group>"; };
		908E39EB1A415AFA006A631F /* PeakFinder.h */ = {isa = PBXFileReference; fileEncoding = 4; lastKnownFileType = sourcecode.c.h; path = PeakFinder.h; sourceTree = "<group>"; };
		908E39EC1A415AFA006A631F /* RateTransposer.cpp */ = {isa = PBXFileReference; fileEncoding = 4; lastKnownFileType = sourcecode.cpp.cpp; path = RateTransposer.cpp; sourceTree = "<group>"; };
		908E39ED1A415AFA006A631F /* RateTransposer.h */ = {isa = PBXFileReference; fileEncoding = 4; lastKnownFileType = sourcecode.c.h; path = RateTransposer.h; sourceTree = "<group>"; };
		908E39EE1A415AFA006A631F /* SoundTouch.cpp */ = {isa = PBXFileReference; fileEncoding = 4; lastKnownFileType = sourcecode.cpp.cpp; path = SoundTouch.cpp; sourceTree = "<group>"; };
		908E39EF1A415AFA006A631F /* SoundTouch.h */ = {isa = PBXFileReference; fileEncoding = 4; lastKnownFileType = sourcecode.c.h; path = SoundTouch.h; sourceTree = "<group>"; };
		908E39F01A415AFA006A631F /* sse_optimized.cpp */ = {isa = PBXFileReference; fileEncoding = 4; lastKnownFileType = sourcecode.cpp.cpp; path = sse_optimized.cpp; sourceTree = "<group>"; };
		908E39F11A415AFA006A631F /* STTypes.h */ = {isa = PBXFileReference; fileEncoding = 4; lastKnownFileType = sourcecode.c.h; path = STTypes.h; sourceTree = "<group>"; };
		908E39F21A415AFA006A631F /* TDStretch.cpp */ = {isa = PBXFileReference; fileEncoding = 4; lastKnownFileType = sourcecode.cpp.cpp; path = TDStretch.cpp; sourceTree = "<group>"; };
		908E39F31A415AFA006A631F /* TDStretch.h */ = {isa = PBXFileReference; fileEncoding = 4; lastKnownFileType = sourcecode.c.h; path = TDStretch.h; sourceTree = "<group>"; };
		908E3A021A415BC3006A631F /* soundtouch_config.h */ = {isa = PBXFileReference; fileEncoding = 4; lastKnownFileType = sourcecode.c.h; path = soundtouch_config.h; sourceTree = "<group>"; };
		908F69231A09FB1E008EFC1D /* LBAudioPlayer.app */ = {isa = PBXFileReference; explicitFileType = wrapper.application; includeInIndex = 0; path = LBAudioPlayer.app; sourceTree = BUILT_PRODUCTS_DIR; };
		908F69271A09FB1E008EFC1D /* Info.plist */ = {isa = PBXFileReference; lastKnownFileType = text.plist.xml; path = Info.plist; sourceTree = "<group>"; };
		908F69281A09FB1E008EFC1D /* main.m */ = {isa = PBXFileReference; lastKnownFileType = sourcecode.c.objc; path = main.m; sourceTree = "<group>"; };
		908F692A1A09FB1E008EFC1D /* AppDelegate.h */ = {isa = PBXFileReference; lastKnownFileType = sourcecode.c.h; path = AppDelegate.h; sourceTree = "<group>"; };
		908F692B1A09FB1E008EFC1D /* AppDelegate.m */ = {isa = PBXFileReference; lastKnownFileType = sourcecode.c.objc; path = AppDelegate.m; sourceTree = "<group>"; };
		908F69311A09FB1E008EFC1D /* Base */ = {isa = PBXFileReference; lastKnownFileType = file.storyboard; name = Base; path = Base.lproj/Main.storyboard; sourceTree = "<group>"; };
		908F69331A09FB1E008EFC1D /* Images.xcassets */ = {isa = PBXFileReference; lastKnownFileType = folder.assetcatalog; path = Images.xcassets; sourceTree = "<group>"; };
		908F69361A09FB1E008EFC1D /* Base */ = {isa = PBXFileReference; lastKnownFileType = file.xib; name = Base; path = Base.lproj/LaunchScreen.xib; sourceTree = "<group>"; };
		908F693C1A09FB1E008EFC1D /* LBAudioPlayerTests.xctest */ = {isa = PBXFileReference; explicitFileType = wrapper.cfbundle; includeInIndex = 0; path = LBAudioPlayerTests.xctest; sourceTree = BUILT_PRODUCTS_DIR; };
		908F69411A09FB1E008EFC1D /* Info.plist */ = {isa = PBXFileReference; lastKnownFileType = text.plist.xml; path = Info.plist; sourceTree = "<group>"; };
		908F69421A09FB1E008EFC1D /* LBAudioPlayerTests.m */ = {isa = PBXFileReference; lastKnownFileType = sourcecode.c.objc; path = LBAudioPlayerTests.m; sourceTree = "<group>"; };
		908F69661A0A45A0008EFC1D /* LBBaseViewController.h */ = {isa = PBXFileReference; fileEncoding = 4; lastKnownFileType = sourcecode.c.h; path = LBBaseViewController.h; sourceTree = "<group>"; };
		908F69671A0A45A1008EFC1D /* LBBaseViewController.m */ = {isa = PBXFileReference; fileEncoding = 4; lastKnownFileType = sourcecode.c.objc; path = LBBaseViewController.m; sourceTree = "<group>"; };
		908F69681A0A45A1008EFC1D /* LBiPodMusicViewController.h */ = {isa = PBXFileReference; fileEncoding = 4; lastKnownFileType = sourcecode.c.h; path = LBiPodMusicViewController.h; sourceTree = "<group>"; };
		908F69691A0A45A1008EFC1D /* LBiPodMusicViewController.m */ = {isa = PBXFileReference; fileEncoding = 4; lastKnownFileType = sourcecode.c.objc; path = LBiPodMusicViewController.m; sourceTree = "<group>"; };
		908F696A1A0A45A1008EFC1D /* LBRemoteMusicViewController.h */ = {isa = PBXFileReference; fileEncoding = 4; lastKnownFileType = sourcecode.c.h; path = LBRemoteMusicViewController.h; sourceTree = "<group>"; };
		908F696B1A0A45A1008EFC1D /* LBRemoteMusicViewController.m */ = {isa = PBXFileReference; fileEncoding = 4; lastKnownFileType = sourcecode.c.objc; path = LBRemoteMusicViewController.m; sourceTree = "<group>"; };
		908F696C1A0A45A1008EFC1D /* LBRootViewController.h */ = {isa = PBXFileReference; fileEncoding = 4; lastKnownFileType = sourcecode.c.h; path = LBRootViewController.h; sourceTree = "<group>"; };
		908F696D1A0A45A1008EFC1D /* LBRootViewController.m */ = {isa = PBXFileReference; fileEncoding = 4; lastKnownFileType = sourcecode.c.objc; path = LBRootViewController.m; sourceTree = "<group>"; };
		908F696E1A0A45A1008EFC1D /* LBViewController.h */ = {isa = PBXFileReference; fileEncoding = 4; lastKnownFileType = sourcecode.c.h; path = LBViewController.h; sourceTree = "<group>"; };
		908F696F1A0A45A1008EFC1D /* LBViewController.m */ = {isa = PBXFileReference; fileEncoding = 4; lastKnownFileType = sourcecode.c.objc; path = LBViewController.m; sourceTree = "<group>"; };
		90CAFC531A4170E00019C8A7 /* LBEchoFilter.h */ = {isa = PBXFileReference; fileEncoding = 4; lastKnownFileType = sourcecode.c.h; path = LBEchoFilter.h; sourceTree = "<group>"; };
		90CAFC541A4170E00019C8A7 /* LBEchoFilter.m */ = {isa = PBXFileReference; fileEncoding = 4; lastKnownFileType = sourcecode.c.objc; path = LBEchoFilter.m; sourceTree = "<group>"; };
		90CAFC561A4177140019C8A7 /* LBStageAudioFilter.h */ = {isa = PBXFileReference; fileEncoding = 4; lastKnownFileType = sourcecode.c.h; path = LBStageAudioFilter.h; sourceTree = "<group>"; };
		90CAFC571A4177140019C8A7 /* LBStageAudioFilter.m */ = {isa = PBXFileReference; fileEncoding = 4; lastKnownFileType = sourcecode.c.objc; path = LBStageAudioFilter.m; sourceTree = "<group>"; };
		EE9F75F701B37E269DC9DB07 /* Pods-LBAudioPlayer.debug.xcconfig */ = {isa = PBXFileReference; includeInIndex = 1; lastKnownFileType = text.xcconfig; name = "Pods-LBAudioPlayer.debug.xcconfig"; path = "Pods/Target Support Files/Pods-LBAudioPlayer/Pods-LBAudioPlayer.debug.xcconfig"; sourceTree = "<group>"; };
		F16FC2153F9F4CA2AA13D9ED /* libPods-LBAudioPlayer.a */ = {isa = PBXFileReference; explicitFileType = archive.ar; includeInIndex = 0; path = "libPods-LBAudioPlayer.a"; sourceTree = BUILT_PRODUCTS_DIR; };
/* End PBXFileReference section */

/* Begin PBXFrameworksBuildPhase section */
		908F69201A09FB1E008EFC1D /* Frameworks */ = {
			isa = PBXFrameworksBuildPhase;
			buildActionMask = 2147483647;
			files = (
				67EDA3A2F2053C569EE91B79 /* libPods-LBAudioPlayer.a in Frameworks */,
			);
			runOnlyForDeploymentPostprocessing = 0;
		};
		908F69391A09FB1E008EFC1D /* Frameworks */ = {
			isa = PBXFrameworksBuildPhase;
			buildActionMask = 2147483647;
			files = (
			);
			runOnlyForDeploymentPostprocessing = 0;
		};
/* End PBXFrameworksBuildPhase section */

/* Begin PBXGroup section */
		6EDCFE0C7F6C4222B7B09357 /* Frameworks */ = {
			isa = PBXGroup;
			children = (
				F16FC2153F9F4CA2AA13D9ED /* libPods-LBAudioPlayer.a */,
			);
			name = Frameworks;
			sourceTree = "<group>";
		};
		9010869A1A416AC100FC76A2 /* BaseAudioFilter */ = {
			isa = PBXGroup;
			children = (
				9010869B1A416AC100FC76A2 /* LBBaseAudioFilter.h */,
				9010869C1A416AC100FC76A2 /* LBBaseAudioFilter.m */,
				9010869D1A416AC100FC76A2 /* LBSoundTouchFilter.h */,
				9010869E1A416AC100FC76A2 /* LBSoundTouchFilter.mm */,
				90CAFC531A4170E00019C8A7 /* LBEchoFilter.h */,
				90CAFC541A4170E00019C8A7 /* LBEchoFilter.m */,
			);
			path = BaseAudioFilter;
			sourceTree = "<group>";
		};
		902FD2181A19F0360081E5D8 /* Extension */ = {
			isa = PBXGroup;
			children = (
			);
			path = Extension;
			sourceTree = "<group>";
		};
		906C47581A10A95D00C07050 /* AudioPlayer */ = {
			isa = PBXGroup;
			children = (
				906C477B1A10E7E300C07050 /* Category */,
				906C47591A10A95D00C07050 /* AudioFile */,
				906C47651A10A95D00C07050 /* AudioQueue */,
				906C476D1A10A95D00C07050 /* LBAudioPlayer.h */,
				906C476E1A10A95D00C07050 /* LBAudioPlayer.m */,
				906C476F1A10A95D00C07050 /* LBAudioSession.h */,
				906C47701A10A95D00C07050 /* LBAudioSession.m */,
				9071C6091A1231BB00DDF95E /* LBAudioDefine.h */,
			);
			path = AudioPlayer;
			sourceTree = "<group>";
		};
		906C47591A10A95D00C07050 /* AudioFile */ = {
			isa = PBXGroup;
			children = (
				906C475A1A10A95D00C07050 /* LBAudioFile.h */,
				906C475B1A10A95D00C07050 /* LBAudioFile.m */,
				906C475C1A10A95D00C07050 /* LBAudioFileStream.h */,
				906C475D1A10A95D00C07050 /* LBAudioFileStream.m */,
				906C475E1A10A95D00C07050 /* NetCache */,
				902FD2681A1A07420081E5D8 /* LBAudioSoundTouchFile.h */,
				902FD2691A1A07420081E5D8 /* LBAudioSoundTouchFile.m */,
			);
			path = AudioFile;
			sourceTree = "<group>";
		};
		906C475E1A10A95D00C07050 /* NetCache */ = {
			isa = PBXGroup;
			children = (
				906C475F1A10A95D00C07050 /* LBAudioStreamCache.h */,
				906C47601A10A95D00C07050 /* LBAudioStreamCache.m */,
				906C47611A10A95D00C07050 /* LBAudioStreamMetaCache.h */,
				906C47621A10A95D00C07050 /* LBAudioStreamMetaCache.m */,
				906C47631A10A95D00C07050 /* LBAudioStreamNetRequest.h */,
				906C47641A10A95D00C07050 /* LBAudioStreamNetRequest.m */,
			);
			path = NetCache;
			sourceTree = "<group>";
		};
		906C47651A10A95D00C07050 /* AudioQueue */ = {
			isa = PBXGroup;
			children = (
				906C47661A10A95D00C07050 /* LBAudioBufferPool.h */,
				906C47671A10A95D00C07050 /* LBAudioBufferPool.m */,
				906C47681A10A95D00C07050 /* LBAudioOutputQueue.h */,
				906C47691A10A95D00C07050 /* LBAudioOutputQueue.m */,
				906C476A1A10A95D00C07050 /* LBParsedAudioData.h */,
				906C476B1A10A95D00C07050 /* LBParsedAudioData.m */,
			);
			path = AudioQueue;
			sourceTree = "<group>";
		};
		906C477B1A10E7E300C07050 /* Category */ = {
			isa = PBXGroup;
			children = (
				906C477C1A10E80400C07050 /* NSString+AudioPlayer.h */,
				906C477D1A10E80400C07050 /* NSString+AudioPlayer.m */,
			);
			path = Category;
			sourceTree = "<group>";
		};
		908A8BE91A14B41500A711E7 /* AudioRecoder */ = {
			isa = PBXGroup;
			children = (
				908A8BF11A15A4FA00A711E7 /* RecoderFile */,
				908A8BED1A14B64E00A711E7 /* AudioQueue */,
				908A8BEA1A14B54000A711E7 /* LBAudioRecoder.h */,
				908A8BEB1A14B54000A711E7 /* LBAudioRecoder.m */,
			);
			path = AudioRecoder;
			sourceTree = "<group>";
		};
		908A8BED1A14B64E00A711E7 /* AudioQueue */ = {
			isa = PBXGroup;
			children = (
				908A8BEE1A14B67E00A711E7 /* LBAudioInputQueue.h */,
				908A8BEF1A14B67E00A711E7 /* LBAudioInputQueue.m */,
			);
			path = AudioQueue;
			sourceTree = "<group>";
		};
		908A8BF11A15A4FA00A711E7 /* RecoderFile */ = {
			isa = PBXGroup;
			children = (
				908A8BF21A15A50B00A711E7 /* LBRecoderFile.h */,
				908A8BF31A15A50B00A711E7 /* LBRecoderFile.m */,
			);
			path = RecoderFile;
			sourceTree = "<group>";
		};
		908E39D71A415AFA006A631F /* soundTouch */ = {
			isa = PBXGroup;
			children = (
				908E3A021A415BC3006A631F /* soundtouch_config.h */,
				908E39D81A415AFA006A631F /* AAFilter.cpp */,
				908E39D91A415AFA006A631F /* AAFilter.h */,
				908E39DA1A415AFA006A631F /* BPMDetect.cpp */,
				908E39DB1A415AFA006A631F /* BPMDetect.h */,
				908E39DC1A415AFA006A631F /* cpu_detect.h */,
				908E39DD1A415AFA006A631F /* cpu_detect_x86.cpp */,
				908E39DE1A415AFA006A631F /* FIFOSampleBuffer.cpp */,
				908E39DF1A415AFA006A631F /* FIFOSampleBuffer.h */,
				908E39E01A415AFA006A631F /* FIFOSamplePipe.h */,
				908E39E11A415AFA006A631F /* FIRFilter.cpp */,
				908E39E21A415AFA006A631F /* FIRFilter.h */,
				908E39E31A415AFA006A631F /* InterpolateCubic.cpp */,
				908E39E41A415AFA006A631F /* InterpolateCubic.h */,
				908E39E51A415AFA006A631F /* InterpolateLinear.cpp */,
				908E39E61A415AFA006A631F /* InterpolateLinear.h */,
				908E39E71A415AFA006A631F /* InterpolateShannon.cpp */,
				908E39E81A415AFA006A631F /* InterpolateShannon.h */,
				908E39E91A415AFA006A631F /* mmx_optimized.cpp */,
				908E39EA1A415AFA006A631F /* PeakFinder.cpp */,
				908E39EB1A415AFA006A631F /* PeakFinder.h */,
				908E39EC1A415AFA006A631F /* RateTransposer.cpp */,
				908E39ED1A415AFA006A631F /* RateTransposer.h */,
				908E39EE1A415AFA006A631F /* SoundTouch.cpp */,
				908E39EF1A415AFA006A631F /* SoundTouch.h */,
				908E39F01A415AFA006A631F /* sse_optimized.cpp */,
				908E39F11A415AFA006A631F /* STTypes.h */,
				908E39F21A415AFA006A631F /* TDStretch.cpp */,
				908E39F31A415AFA006A631F /* TDStretch.h */,
			);
			path = soundTouch;
			sourceTree = "<group>";
		};
		908F691A1A09FB1E008EFC1D = {
			isa = PBXGroup;
			children = (
				908F69251A09FB1E008EFC1D /* LBAudioPlayer */,
				908F693F1A09FB1E008EFC1D /* LBAudioPlayerTests */,
				908F69241A09FB1E008EFC1D /* Products */,
				ABCB860EFB67C68BA80108D9 /* Pods */,
				6EDCFE0C7F6C4222B7B09357 /* Frameworks */,
			);
			sourceTree = "<group>";
		};
		908F69241A09FB1E008EFC1D /* Products */ = {
			isa = PBXGroup;
			children = (
				908F69231A09FB1E008EFC1D /* LBAudioPlayer.app */,
				908F693C1A09FB1E008EFC1D /* LBAudioPlayerTests.xctest */,
			);
			name = Products;
			sourceTree = "<group>";
		};
		908F69251A09FB1E008EFC1D /* LBAudioPlayer */ = {
			isa = PBXGroup;
			children = (
				902FD2181A19F0360081E5D8 /* Extension */,
				908A8BE91A14B41500A711E7 /* AudioRecoder */,
				90D19D3F1A13116400B0B369 /* AudioFilter */,
				906C47581A10A95D00C07050 /* AudioPlayer */,
				908F692A1A09FB1E008EFC1D /* AppDelegate.h */,
				908F692B1A09FB1E008EFC1D /* AppDelegate.m */,
				9057E72A1A3AE16B00C35ED9 /* LBRecoderViewController.h */,
				9057E72B1A3AE16B00C35ED9 /* LBRecoderViewController.m */,
				908F69661A0A45A0008EFC1D /* LBBaseViewController.h */,
				908F69671A0A45A1008EFC1D /* LBBaseViewController.m */,
				908F69681A0A45A1008EFC1D /* LBiPodMusicViewController.h */,
				908F69691A0A45A1008EFC1D /* LBiPodMusicViewController.m */,
				908F696A1A0A45A1008EFC1D /* LBRemoteMusicViewController.h */,
				908F696B1A0A45A1008EFC1D /* LBRemoteMusicViewController.m */,
				908F696C1A0A45A1008EFC1D /* LBRootViewController.h */,
				908F696D1A0A45A1008EFC1D /* LBRootViewController.m */,
				908F696E1A0A45A1008EFC1D /* LBViewController.h */,
				908F696F1A0A45A1008EFC1D /* LBViewController.m */,
				908F69301A09FB1E008EFC1D /* Main.storyboard */,
				908F69331A09FB1E008EFC1D /* Images.xcassets */,
				908F69351A09FB1E008EFC1D /* LaunchScreen.xib */,
				908F69261A09FB1E008EFC1D /* Supporting Files */,
			);
			path = LBAudioPlayer;
			sourceTree = "<group>";
		};
		908F69261A09FB1E008EFC1D /* Supporting Files */ = {
			isa = PBXGroup;
			children = (
				908F69271A09FB1E008EFC1D /* Info.plist */,
				908F69281A09FB1E008EFC1D /* main.m */,
			);
			name = "Supporting Files";
			sourceTree = "<group>";
		};
		908F693F1A09FB1E008EFC1D /* LBAudioPlayerTests */ = {
			isa = PBXGroup;
			children = (
				908F69421A09FB1E008EFC1D /* LBAudioPlayerTests.m */,
				908F69401A09FB1E008EFC1D /* Supporting Files */,
			);
			path = LBAudioPlayerTests;
			sourceTree = "<group>";
		};
		908F69401A09FB1E008EFC1D /* Supporting Files */ = {
			isa = PBXGroup;
			children = (
				908F69411A09FB1E008EFC1D /* Info.plist */,
			);
			name = "Supporting Files";
			sourceTree = "<group>";
		};
		90D19D3F1A13116400B0B369 /* AudioFilter */ = {
			isa = PBXGroup;
			children = (
				9010869A1A416AC100FC76A2 /* BaseAudioFilter */,
				9010868F1A41624E00FC76A2 /* yuansheng.caf */,
				908E39D71A415AFA006A631F /* soundTouch */,
				908E39A41A4134EF006A631F /* houzhi.caf */,
				903978731A40053B00B669D2 /* LBMixAudioFilter.h */,
				903978741A40053B00B669D2 /* LBMixAudioFilter.m */,
				903978761A40055B00B669D2 /* LBJointAudioFilter.h */,
				903978771A40055B00B669D2 /* LBJointAudioFilter.m */,
				901086911A416A3200FC76A2 /* LBCatAudioFilter.h */,
				901086921A416A3200FC76A2 /* LBCatAudioFilter.m */,
				901086941A416A4700FC76A2 /* LBCowAudioFilter.h */,
				901086951A416A4700FC76A2 /* LBCowAudioFilter.m */,
				901086971A416A9500FC76A2 /* LBAccelerateAudioFilter.h */,
				901086981A416A9500FC76A2 /* LBAccelerateAudioFilter.m */,
				90CAFC561A4177140019C8A7 /* LBStageAudioFilter.h */,
				90CAFC571A4177140019C8A7 /* LBStageAudioFilter.m */,
			);
			path = AudioFilter;
			sourceTree = "<group>";
		};
		ABCB860EFB67C68BA80108D9 /* Pods */ = {
			isa = PBXGroup;
			children = (
				EE9F75F701B37E269DC9DB07 /* Pods-LBAudioPlayer.debug.xcconfig */,
				5C78DF38BC9299F97E13E247 /* Pods-LBAudioPlayer.release.xcconfig */,
			);
			name = Pods;
			sourceTree = "<group>";
		};
/* End PBXGroup section */

/* Begin PBXNativeTarget section */
		908F69221A09FB1E008EFC1D /* LBAudioPlayer */ = {
			isa = PBXNativeTarget;
			buildConfigurationList = 908F69461A09FB1E008EFC1D /* Build configuration list for PBXNativeTarget "LBAudioPlayer" */;
			buildPhases = (
				15B068238B11FCA23D6E5B97 /* Check Pods Manifest.lock */,
				908F691F1A09FB1E008EFC1D /* Sources */,
				908F69201A09FB1E008EFC1D /* Frameworks */,
				908F69211A09FB1E008EFC1D /* Resources */,
				68FDEAF28A132DC815A437B0 /* Copy Pods Resources */,
			);
			buildRules = (
			);
			dependencies = (
			);
			name = LBAudioPlayer;
			productName = LBAudioPlayer;
			productReference = 908F69231A09FB1E008EFC1D /* LBAudioPlayer.app */;
			productType = "com.apple.product-type.application";
		};
		908F693B1A09FB1E008EFC1D /* LBAudioPlayerTests */ = {
			isa = PBXNativeTarget;
			buildConfigurationList = 908F69491A09FB1E008EFC1D /* Build configuration list for PBXNativeTarget "LBAudioPlayerTests" */;
			buildPhases = (
				908F69381A09FB1E008EFC1D /* Sources */,
				908F69391A09FB1E008EFC1D /* Frameworks */,
				908F693A1A09FB1E008EFC1D /* Resources */,
			);
			buildRules = (
			);
			dependencies = (
				908F693E1A09FB1E008EFC1D /* PBXTargetDependency */,
			);
			name = LBAudioPlayerTests;
			productName = LBAudioPlayerTests;
			productReference = 908F693C1A09FB1E008EFC1D /* LBAudioPlayerTests.xctest */;
			productType = "com.apple.product-type.bundle.unit-test";
		};
/* End PBXNativeTarget section */

/* Begin PBXProject section */
		908F691B1A09FB1E008EFC1D /* Project object */ = {
			isa = PBXProject;
			attributes = {
				LastUpgradeCheck = 0610;
				ORGANIZATIONNAME = lilingang;
				TargetAttributes = {
					908F69221A09FB1E008EFC1D = {
						CreatedOnToolsVersion = 6.1;
					};
					908F693B1A09FB1E008EFC1D = {
						CreatedOnToolsVersion = 6.1;
						TestTargetID = 908F69221A09FB1E008EFC1D;
					};
				};
			};
			buildConfigurationList = 908F691E1A09FB1E008EFC1D /* Build configuration list for PBXProject "LBAudioPlayer" */;
			compatibilityVersion = "Xcode 3.2";
			developmentRegion = English;
			hasScannedForEncodings = 0;
			knownRegions = (
				en,
				Base,
			);
			mainGroup = 908F691A1A09FB1E008EFC1D;
			productRefGroup = 908F69241A09FB1E008EFC1D /* Products */;
			projectDirPath = "";
			projectRoot = "";
			targets = (
				908F69221A09FB1E008EFC1D /* LBAudioPlayer */,
				908F693B1A09FB1E008EFC1D /* LBAudioPlayerTests */,
			);
		};
/* End PBXProject section */

/* Begin PBXResourcesBuildPhase section */
		908F69211A09FB1E008EFC1D /* Resources */ = {
			isa = PBXResourcesBuildPhase;
			buildActionMask = 2147483647;
			files = (
				908F69321A09FB1E008EFC1D /* Main.storyboard in Resources */,
				908F69371A09FB1E008EFC1D /* LaunchScreen.xib in Resources */,
				908F69341A09FB1E008EFC1D /* Images.xcassets in Resources */,
				901086901A41624E00FC76A2 /* yuansheng.caf in Resources */,
				908E39A51A4134EF006A631F /* houzhi.caf in Resources */,
			);
			runOnlyForDeploymentPostprocessing = 0;
		};
		908F693A1A09FB1E008EFC1D /* Resources */ = {
			isa = PBXResourcesBuildPhase;
			buildActionMask = 2147483647;
			files = (
			);
			runOnlyForDeploymentPostprocessing = 0;
		};
/* End PBXResourcesBuildPhase section */

/* Begin PBXShellScriptBuildPhase section */
		15B068238B11FCA23D6E5B97 /* Check Pods Manifest.lock */ = {
			isa = PBXShellScriptBuildPhase;
			buildActionMask = 2147483647;
			files = (
			);
			inputPaths = (
			);
			name = "Check Pods Manifest.lock";
			outputPaths = (
			);
			runOnlyForDeploymentPostprocessing = 0;
			shellPath = /bin/sh;
			shellScript = "diff \"${PODS_ROOT}/../Podfile.lock\" \"${PODS_ROOT}/Manifest.lock\" > /dev/null\nif [[ $? != 0 ]] ; then\n    cat << EOM\nerror: The sandbox is not in sync with the Podfile.lock. Run 'pod install' or update your CocoaPods installation.\nEOM\n    exit 1\nfi\n";
			showEnvVarsInLog = 0;
		};
		68FDEAF28A132DC815A437B0 /* Copy Pods Resources */ = {
			isa = PBXShellScriptBuildPhase;
			buildActionMask = 2147483647;
			files = (
			);
			inputPaths = (
			);
			name = "Copy Pods Resources";
			outputPaths = (
			);
			runOnlyForDeploymentPostprocessing = 0;
			shellPath = /bin/sh;
			shellScript = "\"${SRCROOT}/Pods/Target Support Files/Pods-LBAudioPlayer/Pods-LBAudioPlayer-resources.sh\"\n";
			showEnvVarsInLog = 0;
		};
/* End PBXShellScriptBuildPhase section */

/* Begin PBXSourcesBuildPhase section */
		908F691F1A09FB1E008EFC1D /* Sources */ = {
			isa = PBXSourcesBuildPhase;
			buildActionMask = 2147483647;
			files = (
				901086961A416A4700FC76A2 /* LBCowAudioFilter.m in Sources */,
				906C47711A10A95D00C07050 /* LBAudioFile.m in Sources */,
				906C47771A10A95D00C07050 /* LBAudioOutputQueue.m in Sources */,
				903978751A40053B00B669D2 /* LBMixAudioFilter.m in Sources */,
				908E39FA1A415AFA006A631F /* InterpolateLinear.cpp in Sources */,
				906C47731A10A95D00C07050 /* LBAudioStreamCache.m in Sources */,
				9010869F1A416AC100FC76A2 /* LBBaseAudioFilter.m in Sources */,
				908E39F91A415AFA006A631F /* InterpolateCubic.cpp in Sources */,
				908E39F81A415AFA006A631F /* FIRFilter.cpp in Sources */,
				906C477E1A10E80400C07050 /* NSString+AudioPlayer.m in Sources */,
				908E39F61A415AFA006A631F /* cpu_detect_x86.cpp in Sources */,
				908A8BF01A14B67E00A711E7 /* LBAudioInputQueue.m in Sources */,
				906C47741A10A95D00C07050 /* LBAudioStreamMetaCache.m in Sources */,
				908F69721A0A45A1008EFC1D /* LBRemoteMusicViewController.m in Sources */,
				901086A01A416AC100FC76A2 /* LBSoundTouchFilter.mm in Sources */,
				908F69741A0A45A1008EFC1D /* LBViewController.m in Sources */,
				908F69701A0A45A1008EFC1D /* LBBaseViewController.m in Sources */,
				906C47791A10A95D00C07050 /* LBAudioPlayer.m in Sources */,
				908F692C1A09FB1E008EFC1D /* AppDelegate.m in Sources */,
				908F69731A0A45A1008EFC1D /* LBRootViewController.m in Sources */,
				9057E72C1A3AE16B00C35ED9 /* LBRecoderViewController.m in Sources */,
				908E39FD1A415AFA006A631F /* PeakFinder.cpp in Sources */,
				908A8BEC1A14B54000A711E7 /* LBAudioRecoder.m in Sources */,
				90CAFC581A4177140019C8A7 /* LBStageAudioFilter.m in Sources */,
				901086991A416A9500FC76A2 /* LBAccelerateAudioFilter.m in Sources */,
				90CAFC551A4170E00019C8A7 /* LBEchoFilter.m in Sources */,
				901086931A416A3200FC76A2 /* LBCatAudioFilter.m in Sources */,
				908E39FC1A415AFA006A631F /* mmx_optimized.cpp in Sources */,
				903978781A40055B00B669D2 /* LBJointAudioFilter.m in Sources */,
				908E39F71A415AFA006A631F /* FIFOSampleBuffer.cpp in Sources */,
				908A8BF41A15A50B00A711E7 /* LBRecoderFile.m in Sources */,
				908E39F51A415AFA006A631F /* BPMDetect.cpp in Sources */,
				908E39FF1A415AFA006A631F /* SoundTouch.cpp in Sources */,
				908E39FB1A415AFA006A631F /* InterpolateShannon.cpp in Sources */,
				906C47751A10A95D00C07050 /* LBAudioStreamNetRequest.m in Sources */,
				908F69711A0A45A1008EFC1D /* LBiPodMusicViewController.m in Sources */,
				908E3A011A415AFA006A631F /* TDStretch.cpp in Sources */,
				908F69291A09FB1E008EFC1D /* main.m in Sources */,
				908E39F41A415AFA006A631F /* AAFilter.cpp in Sources */,
				906C47781A10A95D00C07050 /* LBParsedAudioData.m in Sources */,
				908E3A001A415AFA006A631F /* sse_optimized.cpp in Sources */,
				906C47761A10A95D00C07050 /* LBAudioBufferPool.m in Sources */,
				902FD26A1A1A07420081E5D8 /* LBAudioSoundTouchFile.m in Sources */,
				908E39FE1A415AFA006A631F /* RateTransposer.cpp in Sources */,
				906C477A1A10A95D00C07050 /* LBAudioSession.m in Sources */,
				906C47721A10A95D00C07050 /* LBAudioFileStream.m in Sources */,
			);
			runOnlyForDeploymentPostprocessing = 0;
		};
		908F69381A09FB1E008EFC1D /* Sources */ = {
			isa = PBXSourcesBuildPhase;
			buildActionMask = 2147483647;
			files = (
				908F69431A09FB1E008EFC1D /* LBAudioPlayerTests.m in Sources */,
			);
			runOnlyForDeploymentPostprocessing = 0;
		};
/* End PBXSourcesBuildPhase section */

/* Begin PBXTargetDependency section */
		908F693E1A09FB1E008EFC1D /* PBXTargetDependency */ = {
			isa = PBXTargetDependency;
			target = 908F69221A09FB1E008EFC1D /* LBAudioPlayer */;
			targetProxy = 908F693D1A09FB1E008EFC1D /* PBXContainerItemProxy */;
		};
/* End PBXTargetDependency section */

/* Begin PBXVariantGroup section */
		908F69301A09FB1E008EFC1D /* Main.storyboard */ = {
			isa = PBXVariantGroup;
			children = (
				908F69311A09FB1E008EFC1D /* Base */,
			);
			name = Main.storyboard;
			sourceTree = "<group>";
		};
		908F69351A09FB1E008EFC1D /* LaunchScreen.xib */ = {
			isa = PBXVariantGroup;
			children = (
				908F69361A09FB1E008EFC1D /* Base */,
			);
			name = LaunchScreen.xib;
			sourceTree = "<group>";
		};
/* End PBXVariantGroup section */

/* Begin XCBuildConfiguration section */
		908F69441A09FB1E008EFC1D /* Debug */ = {
			isa = XCBuildConfiguration;
			buildSettings = {
				ALWAYS_SEARCH_USER_PATHS = NO;
				CLANG_CXX_LANGUAGE_STANDARD = "gnu++0x";
				CLANG_CXX_LIBRARY = "libc++";
				CLANG_ENABLE_MODULES = YES;
				CLANG_ENABLE_OBJC_ARC = YES;
				CLANG_WARN_BOOL_CONVERSION = YES;
				CLANG_WARN_CONSTANT_CONVERSION = YES;
				CLANG_WARN_DIRECT_OBJC_ISA_USAGE = YES_ERROR;
				CLANG_WARN_EMPTY_BODY = YES;
				CLANG_WARN_ENUM_CONVERSION = YES;
				CLANG_WARN_INT_CONVERSION = YES;
				CLANG_WARN_OBJC_ROOT_CLASS = YES_ERROR;
				CLANG_WARN_UNREACHABLE_CODE = YES;
				CLANG_WARN__DUPLICATE_METHOD_MATCH = YES;
				"CODE_SIGN_IDENTITY[sdk=iphoneos*]" = "iPhone Developer";
				COPY_PHASE_STRIP = NO;
				ENABLE_STRICT_OBJC_MSGSEND = YES;
				GCC_C_LANGUAGE_STANDARD = gnu99;
				GCC_DYNAMIC_NO_PIC = NO;
				GCC_OPTIMIZATION_LEVEL = 0;
				GCC_PREPROCESSOR_DEFINITIONS = (
					"DEBUG=1",
					"$(inherited)",
				);
				GCC_SYMBOLS_PRIVATE_EXTERN = NO;
				GCC_WARN_64_TO_32_BIT_CONVERSION = YES;
				GCC_WARN_ABOUT_RETURN_TYPE = YES_ERROR;
				GCC_WARN_UNDECLARED_SELECTOR = YES;
				GCC_WARN_UNINITIALIZED_AUTOS = YES_AGGRESSIVE;
				GCC_WARN_UNUSED_FUNCTION = YES;
				GCC_WARN_UNUSED_VARIABLE = YES;
				IPHONEOS_DEPLOYMENT_TARGET = 8.1;
				MTL_ENABLE_DEBUG_INFO = YES;
				ONLY_ACTIVE_ARCH = YES;
				SDKROOT = iphoneos;
			};
			name = Debug;
		};
		908F69451A09FB1E008EFC1D /* Release */ = {
			isa = XCBuildConfiguration;
			buildSettings = {
				ALWAYS_SEARCH_USER_PATHS = NO;
				CLANG_CXX_LANGUAGE_STANDARD = "gnu++0x";
				CLANG_CXX_LIBRARY = "libc++";
				CLANG_ENABLE_MODULES = YES;
				CLANG_ENABLE_OBJC_ARC = YES;
				CLANG_WARN_BOOL_CONVERSION = YES;
				CLANG_WARN_CONSTANT_CONVERSION = YES;
				CLANG_WARN_DIRECT_OBJC_ISA_USAGE = YES_ERROR;
				CLANG_WARN_EMPTY_BODY = YES;
				CLANG_WARN_ENUM_CONVERSION = YES;
				CLANG_WARN_INT_CONVERSION = YES;
				CLANG_WARN_OBJC_ROOT_CLASS = YES_ERROR;
				CLANG_WARN_UNREACHABLE_CODE = YES;
				CLANG_WARN__DUPLICATE_METHOD_MATCH = YES;
				"CODE_SIGN_IDENTITY[sdk=iphoneos*]" = "iPhone Developer";
				COPY_PHASE_STRIP = YES;
				ENABLE_NS_ASSERTIONS = NO;
				ENABLE_STRICT_OBJC_MSGSEND = YES;
				GCC_C_LANGUAGE_STANDARD = gnu99;
				GCC_WARN_64_TO_32_BIT_CONVERSION = YES;
				GCC_WARN_ABOUT_RETURN_TYPE = YES_ERROR;
				GCC_WARN_UNDECLARED_SELECTOR = YES;
				GCC_WARN_UNINITIALIZED_AUTOS = YES_AGGRESSIVE;
				GCC_WARN_UNUSED_FUNCTION = YES;
				GCC_WARN_UNUSED_VARIABLE = YES;
				IPHONEOS_DEPLOYMENT_TARGET = 8.1;
				MTL_ENABLE_DEBUG_INFO = NO;
				SDKROOT = iphoneos;
				VALIDATE_PRODUCT = YES;
			};
			name = Release;
		};
		908F69471A09FB1E008EFC1D /* Debug */ = {
			isa = XCBuildConfiguration;
			baseConfigurationReference = EE9F75F701B37E269DC9DB07 /* Pods-LBAudioPlayer.debug.xcconfig */;
			buildSettings = {
				ASSETCATALOG_COMPILER_APPICON_NAME = AppIcon;
				INFOPLIST_FILE = LBAudioPlayer/Info.plist;
				IPHONEOS_DEPLOYMENT_TARGET = 7.0;
				LD_RUNPATH_SEARCH_PATHS = "$(inherited) @executable_path/Frameworks";
				PRODUCT_NAME = "$(TARGET_NAME)";
			};
			name = Debug;
		};
		908F69481A09FB1E008EFC1D /* Release */ = {
			isa = XCBuildConfiguration;
			baseConfigurationReference = 5C78DF38BC9299F97E13E247 /* Pods-LBAudioPlayer.release.xcconfig */;
			buildSettings = {
				ASSETCATALOG_COMPILER_APPICON_NAME = AppIcon;
				INFOPLIST_FILE = LBAudioPlayer/Info.plist;
				IPHONEOS_DEPLOYMENT_TARGET = 7.0;
				LD_RUNPATH_SEARCH_PATHS = "$(inherited) @executable_path/Frameworks";
				PRODUCT_NAME = "$(TARGET_NAME)";
			};
			name = Release;
		};
		908F694A1A09FB1E008EFC1D /* Debug */ = {
			isa = XCBuildConfiguration;
			buildSettings = {
				BUNDLE_LOADER = "$(TEST_HOST)";
				FRAMEWORK_SEARCH_PATHS = (
					"$(SDKROOT)/Developer/Library/Frameworks",
					"$(inherited)",
				);
				GCC_PREPROCESSOR_DEFINITIONS = (
					"DEBUG=1",
					"$(inherited)",
				);
				INFOPLIST_FILE = LBAudioPlayerTests/Info.plist;
				LD_RUNPATH_SEARCH_PATHS = "$(inherited) @executable_path/Frameworks @loader_path/Frameworks";
				PRODUCT_NAME = "$(TARGET_NAME)";
				TEST_HOST = "$(BUILT_PRODUCTS_DIR)/LBAudioPlayer.app/LBAudioPlayer";
			};
			name = Debug;
		};
		908F694B1A09FB1E008EFC1D /* Release */ = {
			isa = XCBuildConfiguration;
			buildSettings = {
				BUNDLE_LOADER = "$(TEST_HOST)";
				FRAMEWORK_SEARCH_PATHS = (
					"$(SDKROOT)/Developer/Library/Frameworks",
					"$(inherited)",
				);
				INFOPLIST_FILE = LBAudioPlayerTests/Info.plist;
				LD_RUNPATH_SEARCH_PATHS = "$(inherited) @executable_path/Frameworks @loader_path/Frameworks";
				PRODUCT_NAME = "$(TARGET_NAME)";
				TEST_HOST = "$(BUILT_PRODUCTS_DIR)/LBAudioPlayer.app/LBAudioPlayer";
			};
			name = Release;
		};
/* End XCBuildConfiguration section */

/* Begin XCConfigurationList section */
		908F691E1A09FB1E008EFC1D /* Build configuration list for PBXProject "LBAudioPlayer" */ = {
			isa = XCConfigurationList;
			buildConfigurations = (
				908F69441A09FB1E008EFC1D /* Debug */,
				908F69451A09FB1E008EFC1D /* Release */,
			);
			defaultConfigurationIsVisible = 0;
			defaultConfigurationName = Release;
		};
		908F69461A09FB1E008EFC1D /* Build configuration list for PBXNativeTarget "LBAudioPlayer" */ = {
			isa = XCConfigurationList;
			buildConfigurations = (
				908F69471A09FB1E008EFC1D /* Debug */,
				908F69481A09FB1E008EFC1D /* Release */,
			);
			defaultConfigurationIsVisible = 0;
			defaultConfigurationName = Release;
		};
		908F69491A09FB1E008EFC1D /* Build configuration list for PBXNativeTarget "LBAudioPlayerTests" */ = {
			isa = XCConfigurationList;
			buildConfigurations = (
				908F694A1A09FB1E008EFC1D /* Debug */,
				908F694B1A09FB1E008EFC1D /* Release */,
			);
			defaultConfigurationIsVisible = 0;
			defaultConfigurationName = Release;
		};
/* End XCConfigurationList section */
	};
	rootObject = 908F691B1A09FB1E008EFC1D /* Project object */;
}
